<?xml version="1.0" encoding="utf-8"?>
<Project ToolsVersion="4.0" xmlns="http://schemas.microsoft.com/developer/msbuild/2003">
  <ItemGroup>
    <FxCompile Include="FramebufferPS.hlsl" />
    <FxCompile Include="FramebufferVS.hlsl" />
  </ItemGroup>
  <ItemGroup>
    <ClCompile Include="Board.cpp" />
    <ClCompile Include="DXErr.cpp" />
    <ClCompile Include="FrameTimer.cpp" />
    <ClCompile Include="Game.cpp" />
    <ClCompile Include="Graphics.cpp" />
    <ClCompile Include="Keyboard.cpp" />
    <ClCompile Include="Main.cpp" />
    <ClCompile Include="MainWindow.cpp" />
    <ClCompile Include="Mouse.cpp" />
    <ClCompile Include="NetworkManager.cpp" />
    <ClCompile Include="Snake.cpp" />
    <ClCompile Include="SpriteCodex.cpp" />
  </ItemGroup>
  <ItemGroup>
    <ClInclude Include="Board.h" />
    <ClInclude Include="ChiliException.h" />
    <ClInclude Include="ChiliWin.h" />
    <ClInclude Include="Colors.h" />
    <ClInclude Include="DXErr.h" />
    <ClInclude Include="FrameTimer.h" />
    <ClInclude Include="Game.h" />
    <ClInclude Include="GameVariables.h" />
    <ClInclude Include="Graphics.h" />
    <ClInclude Include="Keyboard.h" />
    <ClInclude Include="Location.h" />
    <ClInclude Include="MainWindow.h" />
    <ClInclude Include="Mouse.h" />
    <ClInclude Include="NetworkManager.h" />
    <ClInclude Include="Resource.h" />
    <ClInclude Include="Snake.h" />
    <ClInclude Include="SpriteCodex.h" />
  </ItemGroup>
  <ItemGroup>
    <ResourceCompile Include="Resource.rc" />
  </ItemGroup>
  <ItemGroup>
    <Image Include="Chili.ico" />
  </ItemGroup>
  <ItemGroup>
    <Text Include="data.txt" />
  </ItemGroup>
</Project>